// !$*UTF8*$!
{
	archiveVersion = 1;
	classes = {
	};
	objectVersion = 48;
	objects = {

/* Begin PBXBuildFile section */
		EDCDE00E1FB3F89B00F44BA7 /* AppDelegate.m in Sources */ = {isa = PBXBuildFile; fileRef = EDCDE00D1FB3F89B00F44BA7 /* AppDelegate.m */; };
		EDCDE0111FB3F89B00F44BA7 /* ViewController.m in Sources */ = {isa = PBXBuildFile; fileRef = EDCDE0101FB3F89B00F44BA7 /* ViewController.m */; };
		EDCDE0141FB3F89B00F44BA7 /* Main.storyboard in Resources */ = {isa = PBXBuildFile; fileRef = EDCDE0121FB3F89B00F44BA7 /* Main.storyboard */; };
		EDCDE0161FB3F89B00F44BA7 /* Assets.xcassets in Resources */ = {isa = PBXBuildFile; fileRef = EDCDE0151FB3F89B00F44BA7 /* Assets.xcassets */; };
		EDCDE0191FB3F89B00F44BA7 /* LaunchScreen.storyboard in Resources */ = {isa = PBXBuildFile; fileRef = EDCDE0171FB3F89B00F44BA7 /* LaunchScreen.storyboard */; };
		EDCDE01C1FB3F89B00F44BA7 /* main.m in Sources */ = {isa = PBXBuildFile; fileRef = EDCDE01B1FB3F89B00F44BA7 /* main.m */; };
		EDCDE0261FB3F89C00F44BA7 /* _1LongYiYunShiTests.m in Sources */ = {isa = PBXBuildFile; fileRef = EDCDE0251FB3F89C00F44BA7 /* _1LongYiYunShiTests.m */; };
		EDCDE0311FB3F89C00F44BA7 /* _1LongYiYunShiUITests.m in Sources */ = {isa = PBXBuildFile; fileRef = EDCDE0301FB3F89C00F44BA7 /* _1LongYiYunShiUITests.m */; };
/* End PBXBuildFile section */

/* Begin PBXContainerItemProxy section */
		EDCDE0221FB3F89C00F44BA7 /* PBXContainerItemProxy */ = {
			isa = PBXContainerItemProxy;
			containerPortal = EDCDE0011FB3F89B00F44BA7 /* Project object */;
			proxyType = 1;
			remoteGlobalIDString = EDCDE0081FB3F89B00F44BA7;
			remoteInfo = 91LongYiYunShi;
		};
		EDCDE02D1FB3F89C00F44BA7 /* PBXContainerItemProxy */ = {
			isa = PBXContainerItemProxy;
			containerPortal = EDCDE0011FB3F89B00F44BA7 /* Project object */;
			proxyType = 1;
			remoteGlobalIDString = EDCDE0081FB3F89B00F44BA7;
			remoteInfo = 91LongYiYunShi;
		};
/* End PBXContainerItemProxy section */

/* Begin PBXFileReference section */
		EDCDE0091FB3F89B00F44BA7 /* 91LongYiYunShi.app */ = {isa = PBXFileReference; explicitFileType = wrapper.application; includeInIndex = 0; path = 91LongYiYunShi.app; sourceTree = BUILT_PRODUCTS_DIR; };
		EDCDE00C1FB3F89B00F44BA7 /* AppDelegate.h */ = {isa = PBXFileReference; lastKnownFileType = sourcecode.c.h; path = AppDelegate.h; sourceTree = "<group>"; };
		EDCDE00D1FB3F89B00F44BA7 /* AppDelegate.m */ = {isa = PBXFileReference; lastKnownFileType = sourcecode.c.objc; path = AppDelegate.m; sourceTree = "<group>"; };
		EDCDE00F1FB3F89B00F44BA7 /* ViewController.h */ = {isa = PBXFileReference; lastKnownFileType = sourcecode.c.h; path = ViewController.h; sourceTree = "<group>"; };
		EDCDE0101FB3F89B00F44BA7 /* ViewController.m */ = {isa = PBXFileReference; lastKnownFileType = sourcecode.c.objc; path = ViewController.m; sourceTree = "<group>"; };
		EDCDE0131FB3F89B00F44BA7 /* Base */ = {isa = PBXFileReference; lastKnownFileType = file.storyboard; name = Base; path = Base.lproj/Main.storyboard; sourceTree = "<group>"; };
		EDCDE0151FB3F89B00F44BA7 /* Assets.xcassets */ = {isa = PBXFileReference; lastKnownFileType = folder.assetcatalog; path = Assets.xcassets; sourceTree = "<group>"; };
		EDCDE0181FB3F89B00F44BA7 /* Base */ = {isa = PBXFileReference; lastKnownFileType = file.storyboard; name = Base; path = Base.lproj/LaunchScreen.storyboard; sourceTree = "<group>"; };
		EDCDE01A1FB3F89B00F44BA7 /* Info.plist */ = {isa = PBXFileReference; lastKnownFileType = text.plist.xml; path = Info.plist; sourceTree = "<group>"; };
		EDCDE01B1FB3F89B00F44BA7 /* main.m */ = {isa = PBXFileReference; lastKnownFileType = sourcecode.c.objc; path = main.m; sourceTree = "<group>"; };
		EDCDE0211FB3F89C00F44BA7 /* 91LongYiYunShiTests.xctest */ = {isa = PBXFileReference; explicitFileType = wrapper.cfbundle; includeInIndex = 0; path = 91LongYiYunShiTests.xctest; sourceTree = BUILT_PRODUCTS_DIR; };
		EDCDE0251FB3F89C00F44BA7 /* _1LongYiYunShiTests.m */ = {isa = PBXFileReference; lastKnownFileType = sourcecode.c.objc; path = _1LongYiYunShiTests.m; sourceTree = "<group>"; };
		EDCDE0271FB3F89C00F44BA7 /* Info.plist */ = {isa = PBXFileReference; lastKnownFileType = text.plist.xml; path = Info.plist; sourceTree = "<group>"; };
		EDCDE02C1FB3F89C00F44BA7 /* 91LongYiYunShiUITests.xctest */ = {isa = PBXFileReference; explicitFileType = wrapper.cfbundle; includeInIndex = 0; path = 91LongYiYunShiUITests.xctest; sourceTree = BUILT_PRODUCTS_DIR; };
		EDCDE0301FB3F89C00F44BA7 /* _1LongYiYunShiUITests.m */ = {isa = PBXFileReference; lastKnownFileType = sourcecode.c.objc; path = _1LongYiYunShiUITests.m; sourceTree = "<group>"; };
		EDCDE0321FB3F89C00F44BA7 /* Info.plist */ = {isa = PBXFileReference; lastKnownFileType = text.plist.xml; path = Info.plist; sourceTree = "<group>"; };
/* End PBXFileReference section */

/* Begin PBXFrameworksBuildPhase section */
		EDCDE0061FB3F89B00F44BA7 /* Frameworks */ = {
			isa = PBXFrameworksBuildPhase;
			buildActionMask = 2147483647;
			files = (
			);
			runOnlyForDeploymentPostprocessing = 0;
		};
		EDCDE01E1FB3F89C00F44BA7 /* Frameworks */ = {
			isa = PBXFrameworksBuildPhase;
			buildActionMask = 2147483647;
			files = (
			);
			runOnlyForDeploymentPostprocessing = 0;
		};
		EDCDE0291FB3F89C00F44BA7 /* Frameworks */ = {
			isa = PBXFrameworksBuildPhase;
			buildActionMask = 2147483647;
			files = (
			);
			runOnlyForDeploymentPostprocessing = 0;
		};
/* End PBXFrameworksBuildPhase section */

/* Begin PBXGroup section */
		EDCDE0001FB3F89B00F44BA7 = {
			isa = PBXGroup;
			children = (
				EDCDE00B1FB3F89B00F44BA7 /* 91LongYiYunShi */,
				EDCDE0241FB3F89C00F44BA7 /* 91LongYiYunShiTests */,
				EDCDE02F1FB3F89C00F44BA7 /* 91LongYiYunShiUITests */,
				EDCDE00A1FB3F89B00F44BA7 /* Products */,
			);
			sourceTree = "<group>";
		};
		EDCDE00A1FB3F89B00F44BA7 /* Products */ = {
			isa = PBXGroup;
			children = (
				EDCDE0091FB3F89B00F44BA7 /* 91LongYiYunShi.app */,
				EDCDE0211FB3F89C00F44BA7 /* 91LongYiYunShiTests.xctest */,
				EDCDE02C1FB3F89C00F44BA7 /* 91LongYiYunShiUITests.xctest */,
			);
			name = Products;
			sourceTree = "<group>";
		};
		EDCDE00B1FB3F89B00F44BA7 /* 91LongYiYunShi */ = {
			isa = PBXGroup;
			children = (
				EDCDE00C1FB3F89B00F44BA7 /* AppDelegate.h */,
				EDCDE00D1FB3F89B00F44BA7 /* AppDelegate.m */,
				EDCDE00F1FB3F89B00F44BA7 /* ViewController.h */,
				EDCDE0101FB3F89B00F44BA7 /* ViewController.m */,
				EDCDE0121FB3F89B00F44BA7 /* Main.storyboard */,
				EDCDE0151FB3F89B00F44BA7 /* Assets.xcassets */,
				EDCDE0171FB3F89B00F44BA7 /* LaunchScreen.storyboard */,
				EDCDE01A1FB3F89B00F44BA7 /* Info.plist */,
				EDCDE01B1FB3F89B00F44BA7 /* main.m */,
			);
			path = 91LongYiYunShi;
			sourceTree = "<group>";
		};
		EDCDE0241FB3F89C00F44BA7 /* 91LongYiYunShiTests */ = {
			isa = PBXGroup;
			children = (
				EDCDE0251FB3F89C00F44BA7 /* _1LongYiYunShiTests.m */,
				EDCDE0271FB3F89C00F44BA7 /* Info.plist */,
			);
			path = 91LongYiYunShiTests;
			sourceTree = "<group>";
		};
		EDCDE02F1FB3F89C00F44BA7 /* 91LongYiYunShiUITests */ = {
			isa = PBXGroup;
			children = (
				EDCDE0301FB3F89C00F44BA7 /* _1LongYiYunShiUITests.m */,
				EDCDE0321FB3F89C00F44BA7 /* Info.plist */,
			);
			path = 91LongYiYunShiUITests;
			sourceTree = "<group>";
		};
/* End PBXGroup section */

/* Begin PBXNativeTarget section */
		EDCDE0081FB3F89B00F44BA7 /* 91LongYiYunShi */ = {
			isa = PBXNativeTarget;
			buildConfigurationList = EDCDE0351FB3F89C00F44BA7 /* Build configuration list for PBXNativeTarget "91LongYiYunShi" */;
			buildPhases = (
				EDCDE0051FB3F89B00F44BA7 /* Sources */,
				EDCDE0061FB3F89B00F44BA7 /* Frameworks */,
				EDCDE0071FB3F89B00F44BA7 /* Resources */,
			);
			buildRules = (
			);
			dependencies = (
			);
			name = 91LongYiYunShi;
			productName = 91LongYiYunShi;
			productReference = EDCDE0091FB3F89B00F44BA7 /* 91LongYiYunShi.app */;
			productType = "com.apple.product-type.application";
		};
		EDCDE0201FB3F89C00F44BA7 /* 91LongYiYunShiTests */ = {
			isa = PBXNativeTarget;
			buildConfigurationList = EDCDE0381FB3F89C00F44BA7 /* Build configuration list for PBXNativeTarget "91LongYiYunShiTests" */;
			buildPhases = (
				EDCDE01D1FB3F89C00F44BA7 /* Sources */,
				EDCDE01E1FB3F89C00F44BA7 /* Frameworks */,
				EDCDE01F1FB3F89C00F44BA7 /* Resources */,
			);
			buildRules = (
			);
			dependencies = (
				EDCDE0231FB3F89C00F44BA7 /* PBXTargetDependency */,
			);
			name = 91LongYiYunShiTests;
			productName = 91LongYiYunShiTests;
			productReference = EDCDE0211FB3F89C00F44BA7 /* 91LongYiYunShiTests.xctest */;
			productType = "com.apple.product-type.bundle.unit-test";
		};
		EDCDE02B1FB3F89C00F44BA7 /* 91LongYiYunShiUITests */ = {
			isa = PBXNativeTarget;
			buildConfigurationList = EDCDE03B1FB3F89C00F44BA7 /* Build configuration list for PBXNativeTarget "91LongYiYunShiUITests" */;
			buildPhases = (
				EDCDE0281FB3F89C00F44BA7 /* Sources */,
				EDCDE0291FB3F89C00F44BA7 /* Frameworks */,
				EDCDE02A1FB3F89C00F44BA7 /* Resources */,
			);
			buildRules = (
			);
			dependencies = (
				EDCDE02E1FB3F89C00F44BA7 /* PBXTargetDependency */,
			);
			name = 91LongYiYunShiUITests;
			productName = 91LongYiYunShiUITests;
			productReference = EDCDE02C1FB3F89C00F44BA7 /* 91LongYiYunShiUITests.xctest */;
			productType = "com.apple.product-type.bundle.ui-testing";
		};
/* End PBXNativeTarget section */

/* Begin PBXProject section */
		EDCDE0011FB3F89B00F44BA7 /* Project object */ = {
			isa = PBXProject;
			attributes = {
				LastUpgradeCheck = 0910;
				ORGANIZATIONNAME = "傅煜";
				TargetAttributes = {
					EDCDE0081FB3F89B00F44BA7 = {
						CreatedOnToolsVersion = 9.1;
						ProvisioningStyle = Automatic;
					};
					EDCDE0201FB3F89C00F44BA7 = {
						CreatedOnToolsVersion = 9.1;
						ProvisioningStyle = Automatic;
						TestTargetID = EDCDE0081FB3F89B00F44BA7;
					};
					EDCDE02B1FB3F89C00F44BA7 = {
						CreatedOnToolsVersion = 9.1;
						ProvisioningStyle = Automatic;
						TestTargetID = EDCDE0081FB3F89B00F44BA7;
					};
				};
			};
			buildConfigurationList = EDCDE0041FB3F89B00F44BA7 /* Build configuration list for PBXProject "91LongYiYunShi" */;
			compatibilityVersion = "Xcode 8.0";
			developmentRegion = en;
			hasScannedForEncodings = 0;
			knownRegions = (
				en,
				Base,
			);
			mainGroup = EDCDE0001FB3F89B00F44BA7;
			productRefGroup = EDCDE00A1FB3F89B00F44BA7 /* Products */;
			projectDirPath = "";
			projectRoot = "";
			targets = (
				EDCDE0081FB3F89B00F44BA7 /* 91LongYiYunShi */,
				EDCDE0201FB3F89C00F44BA7 /* 91LongYiYunShiTests */,
				EDCDE02B1FB3F89C00F44BA7 /* 91LongYiYunShiUITests */,
			);
		};
/* End PBXProject section */

/* Begin PBXResourcesBuildPhase section */
		EDCDE0071FB3F89B00F44BA7 /* Resources */ = {
			isa = PBXResourcesBuildPhase;
			buildActionMask = 2147483647;
			files = (
				EDCDE0191FB3F89B00F44BA7 /* LaunchScreen.storyboard in Resources */,
				EDCDE0161FB3F89B00F44BA7 /* Assets.xcassets in Resources */,
				EDCDE0141FB3F89B00F44BA7 /* Main.storyboard in Resources */,
			);
			runOnlyForDeploymentPostprocessing = 0;
		};
		EDCDE01F1FB3F89C00F44BA7 /* Resources */ = {
			isa = PBXResourcesBuildPhase;
			buildActionMask = 2147483647;
			files = (
			);
			runOnlyForDeploymentPostprocessing = 0;
		};
		EDCDE02A1FB3F89C00F44BA7 /* Resources */ = {
			isa = PBXResourcesBuildPhase;
			buildActionMask = 2147483647;
			files = (
			);
			runOnlyForDeploymentPostprocessing = 0;
		};
/* End PBXResourcesBuildPhase section */

/* Begin PBXSourcesBuildPhase section */
		EDCDE0051FB3F89B00F44BA7 /* Sources */ = {
			isa = PBXSourcesBuildPhase;
			buildActionMask = 2147483647;
			files = (
				EDCDE0111FB3F89B00F44BA7 /* ViewController.m in Sources */,
				EDCDE01C1FB3F89B00F44BA7 /* main.m in Sources */,
				EDCDE00E1FB3F89B00F44BA7 /* AppDelegate.m in Sources */,
			);
			runOnlyForDeploymentPostprocessing = 0;
		};
		EDCDE01D1FB3F89C00F44BA7 /* Sources */ = {
			isa = PBXSourcesBuildPhase;
			buildActionMask = 2147483647;
			files = (
				EDCDE0261FB3F89C00F44BA7 /* _1LongYiYunShiTests.m in Sources */,
			);
			runOnlyForDeploymentPostprocessing = 0;
		};
		EDCDE0281FB3F89C00F44BA7 /* Sources */ = {
			isa = PBXSourcesBuildPhase;
			buildActionMask = 2147483647;
			files = (
				EDCDE0311FB3F89C00F44BA7 /* _1LongYiYunShiUITests.m in Sources */,
			);
			runOnlyForDeploymentPostprocessing = 0;
		};
/* End PBXSourcesBuildPhase section */

/* Begin PBXTargetDependency section */
		EDCDE0231FB3F89C00F44BA7 /* PBXTargetDependency */ = {
			isa = PBXTargetDependency;
			target = EDCDE0081FB3F89B00F44BA7 /* 91LongYiYunShi */;
			targetProxy = EDCDE0221FB3F89C00F44BA7 /* PBXContainerItemProxy */;
		};
		EDCDE02E1FB3F89C00F44BA7 /* PBXTargetDependency */ = {
			isa = PBXTargetDependency;
			target = EDCDE0081FB3F89B00F44BA7 /* 91LongYiYunShi */;
			targetProxy = EDCDE02D1FB3F89C00F44BA7 /* PBXContainerItemProxy */;
		};
/* End PBXTargetDependency section */

/* Begin PBXVariantGroup section */
		EDCDE0121FB3F89B00F44BA7 /* Main.storyboard */ = {
			isa = PBXVariantGroup;
			children = (
				EDCDE0131FB3F89B00F44BA7 /* Base */,
			);
			name = Main.storyboard;
			sourceTree = "<group>";
		};
		EDCDE0171FB3F89B00F44BA7 /* LaunchScreen.storyboard */ = {
			isa = PBXVariantGroup;
			children = (
				EDCDE0181FB3F89B00F44BA7 /* Base */,
			);
			name = LaunchScreen.storyboard;
			sourceTree = "<group>";
		};
/* End PBXVariantGroup section */

/* Begin XCBuildConfiguration section */
		EDCDE0331FB3F89C00F44BA7 /* Debug */ = {
			isa = XCBuildConfiguration;
			buildSettings = {
				ALWAYS_SEARCH_USER_PATHS = NO;
				CLANG_ANALYZER_NONNULL = YES;
				CLANG_ANALYZER_NUMBER_OBJECT_CONVERSION = YES_AGGRESSIVE;
				CLANG_CXX_LANGUAGE_STANDARD = "gnu++14";
				CLANG_CXX_LIBRARY = "libc++";
				CLANG_ENABLE_MODULES = YES;
				CLANG_ENABLE_OBJC_ARC = YES;
				CLANG_WARN_BLOCK_CAPTURE_AUTORELEASING = YES;
				CLANG_WARN_BOOL_CONVERSION = YES;
				CLANG_WARN_COMMA = YES;
				CLANG_WARN_CONSTANT_CONVERSION = YES;
				CLANG_WARN_DIRECT_OBJC_ISA_USAGE = YES_ERROR;
				CLANG_WARN_DOCUMENTATION_COMMENTS = YES;
				CLANG_WARN_EMPTY_BODY = YES;
				CLANG_WARN_ENUM_CONVERSION = YES;
				CLANG_WARN_INFINITE_RECURSION = YES;
				CLANG_WARN_INT_CONVERSION = YES;
				CLANG_WARN_NON_LITERAL_NULL_CONVERSION = YES;
				CLANG_WARN_OBJC_LITERAL_CONVERSION = YES;
				CLANG_WARN_OBJC_ROOT_CLASS = YES_ERROR;
				CLANG_WARN_RANGE_LOOP_ANALYSIS = YES;
				CLANG_WARN_STRICT_PROTOTYPES = YES;
				CLANG_WARN_SUSPICIOUS_MOVE = YES;
				CLANG_WARN_UNGUARDED_AVAILABILITY = YES_AGGRESSIVE;
				CLANG_WARN_UNREACHABLE_CODE = YES;
				CLANG_WARN__DUPLICATE_METHOD_MATCH = YES;
				CODE_SIGN_IDENTITY = "iPhone Developer";
				COPY_PHASE_STRIP = NO;
				DEBUG_INFORMATION_FORMAT = dwarf;
				ENABLE_STRICT_OBJC_MSGSEND = YES;
				ENABLE_TESTABILITY = YES;
				GCC_C_LANGUAGE_STANDARD = gnu11;
				GCC_DYNAMIC_NO_PIC = NO;
				GCC_NO_COMMON_BLOCKS = YES;
				GCC_OPTIMIZATION_LEVEL = 0;
				GCC_PREPROCESSOR_DEFINITIONS = (
					"DEBUG=1",
					"$(inherited)",
				);
				GCC_WARN_64_TO_32_BIT_CONVERSION = YES;
				GCC_WARN_ABOUT_RETURN_TYPE = YES_ERROR;
				GCC_WARN_UNDECLARED_SELECTOR = YES;
				GCC_WARN_UNINITIALIZED_AUTOS = YES_AGGRESSIVE;
				GCC_WARN_UNUSED_FUNCTION = YES;
				GCC_WARN_UNUSED_VARIABLE = YES;
				IPHONEOS_DEPLOYMENT_TARGET = 11.1;
				MTL_ENABLE_DEBUG_INFO = YES;
				ONLY_ACTIVE_ARCH = YES;
				SDKROOT = iphoneos;
			};
			name = Debug;
		};
		EDCDE0341FB3F89C00F44BA7 /* Release */ = {
			isa = XCBuildConfiguration;
			buildSettings = {
				ALWAYS_SEARCH_USER_PATHS = NO;
				CLANG_ANALYZER_NONNULL = YES;
				CLANG_ANALYZER_NUMBER_OBJECT_CONVERSION = YES_AGGRESSIVE;
				CLANG_CXX_LANGUAGE_STANDARD = "gnu++14";
				CLANG_CXX_LIBRARY = "libc++";
				CLANG_ENABLE_MODULES = YES;
				CLANG_ENABLE_OBJC_ARC = YES;
				CLANG_WARN_BLOCK_CAPTURE_AUTORELEASING = YES;
				CLANG_WARN_BOOL_CONVERSION = YES;
				CLANG_WARN_COMMA = YES;
				CLANG_WARN_CONSTANT_CONVERSION = YES;
				CLANG_WARN_DIRECT_OBJC_ISA_USAGE = YES_ERROR;
				CLANG_WARN_DOCUMENTATION_COMMENTS = YES;
				CLANG_WARN_EMPTY_BODY = YES;
				CLANG_WARN_ENUM_CONVERSION = YES;
				CLANG_WARN_INFINITE_RECURSION = YES;
				CLANG_WARN_INT_CONVERSION = YES;
				CLANG_WARN_NON_LITERAL_NULL_CONVERSION = YES;
				CLANG_WARN_OBJC_LITERAL_CONVERSION = YES;
				CLANG_WARN_OBJC_ROOT_CLASS = YES_ERROR;
				CLANG_WARN_RANGE_LOOP_ANALYSIS = YES;
				CLANG_WARN_STRICT_PROTOTYPES = YES;
				CLANG_WARN_SUSPICIOUS_MOVE = YES;
				CLANG_WARN_UNGUARDED_AVAILABILITY = YES_AGGRESSIVE;
				CLANG_WARN_UNREACHABLE_CODE = YES;
				CLANG_WARN__DUPLICATE_METHOD_MATCH = YES;
				CODE_SIGN_IDENTITY = "iPhone Developer";
				COPY_PHASE_STRIP = NO;
				DEBUG_INFORMATION_FORMAT = "dwarf-with-dsym";
				ENABLE_NS_ASSERTIONS = NO;
				ENABLE_STRICT_OBJC_MSGSEND = YES;
				GCC_C_LANGUAGE_STANDARD = gnu11;
				GCC_NO_COMMON_BLOCKS = YES;
				GCC_WARN_64_TO_32_BIT_CONVERSION = YES;
				GCC_WARN_ABOUT_RETURN_TYPE = YES_ERROR;
				GCC_WARN_UNDECLARED_SELECTOR = YES;
				GCC_WARN_UNINITIALIZED_AUTOS = YES_AGGRESSIVE;
				GCC_WARN_UNUSED_FUNCTION = YES;
				GCC_WARN_UNUSED_VARIABLE = YES;
				IPHONEOS_DEPLOYMENT_TARGET = 11.1;
				MTL_ENABLE_DEBUG_INFO = NO;
				SDKROOT = iphoneos;
				VALIDATE_PRODUCT = YES;
			};
			name = Release;
		};
		EDCDE0361FB3F89C00F44BA7 /* Debug */ = {
			isa = XCBuildConfiguration;
			buildSettings = {
				ASSETCATALOG_COMPILER_APPICON_NAME = AppIcon;
				CODE_SIGN_STYLE = Automatic;
				DEVELOPMENT_TEAM = 4R3QHM99NM;
				INFOPLIST_FILE = 91LongYiYunShi/Info.plist;
				LD_RUNPATH_SEARCH_PATHS = "$(inherited) @executable_path/Frameworks";
				PRODUCT_BUNDLE_IDENTIFIER = "nd.-1LongYiYunShi";
				PRODUCT_NAME = "$(TARGET_NAME)";
				TARGETED_DEVICE_FAMILY = "1,2";
			};
			name = Debug;
		};
		EDCDE0371FB3F89C00F44BA7 /* Release */ = {
			isa = XCBuildConfiguration;
			buildSettings = {
				ASSETCATALOG_COMPILER_APPICON_NAME = AppIcon;
				CODE_SIGN_STYLE = Automatic;
				DEVELOPMENT_TEAM = 4R3QHM99NM;
				INFOPLIST_FILE = 91LongYiYunShi/Info.plist;
				LD_RUNPATH_SEARCH_PATHS = "$(inherited) @executable_path/Frameworks";
				PRODUCT_BUNDLE_IDENTIFIER = "nd.-1LongYiYunShi";
				PRODUCT_NAME = "$(TARGET_NAME)";
				TARGETED_DEVICE_FAMILY = "1,2";
			};
			name = Release;
		};
		EDCDE0391FB3F89C00F44BA7 /* Debug */ = {
			isa = XCBuildConfiguration;
			buildSettings = {
				BUNDLE_LOADER = "$(TEST_HOST)";
				CODE_SIGN_STYLE = Automatic;
				DEVELOPMENT_TEAM = 4R3QHM99NM;
				INFOPLIST_FILE = 91LongYiYunShiTests/Info.plist;
				LD_RUNPATH_SEARCH_PATHS = "$(inherited) @executable_path/Frameworks @loader_path/Frameworks";
				PRODUCT_BUNDLE_IDENTIFIER = "nd.-1LongYiYunShiTests";
				PRODUCT_NAME = "$(TARGET_NAME)";
				TARGETED_DEVICE_FAMILY = "1,2";
				TEST_HOST = "$(BUILT_PRODUCTS_DIR)/91LongYiYunShi.app/91LongYiYunShi";
			};
			name = Debug;
		};
		EDCDE03A1FB3F89C00F44BA7 /* Release */ = {
			isa = XCBuildConfiguration;
			buildSettings = {
				BUNDLE_LOADER = "$(TEST_HOST)";
				CODE_SIGN_STYLE = Automatic;
				DEVELOPMENT_TEAM = 4R3QHM99NM;
				INFOPLIST_FILE = 91LongYiYunShiTests/Info.plist;
				LD_RUNPATH_SEARCH_PATHS = "$(inherited) @executable_path/Frameworks @loader_path/Frameworks";
				PRODUCT_BUNDLE_IDENTIFIER = "nd.-1LongYiYunShiTests";
				PRODUCT_NAME = "$(TARGET_NAME)";
				TARGETED_DEVICE_FAMILY = "1,2";
				TEST_HOST = "$(BUILT_PRODUCTS_DIR)/91LongYiYunShi.app/91LongYiYunShi";
			};
			name = Release;
		};
		EDCDE03C1FB3F89C00F44BA7 /* Debug */ = {
			isa = XCBuildConfiguration;
			buildSettings = {
				CODE_SIGN_STYLE = Automatic;
				DEVELOPMENT_TEAM = 4R3QHM99NM;
				INFOPLIST_FILE = 91LongYiYunShiUITests/Info.plist;
				LD_RUNPATH_SEARCH_PATHS = "$(inherited) @executable_path/Frameworks @loader_path/Frameworks";
				PRODUCT_BUNDLE_IDENTIFIER = "nd.-1LongYiYunShiUITests";
				PRODUCT_NAME = "$(TARGET_NAME)";
				TARGETED_DEVICE_FAMILY = "1,2";
				TEST_TARGET_NAME = 91LongYiYunShi;
			};
			name = Debug;
		};
		EDCDE03D1FB3F89C00F44BA7 /* Release */ = {
			isa = XCBuildConfiguration;
			buildSettings = {
				CODE_SIGN_STYLE = Automatic;
				DEVELOPMENT_TEAM = 4R3QHM99NM;
				INFOPLIST_FILE = 91LongYiYunShiUITests/Info.plist;
				LD_RUNPATH_SEARCH_PATHS = "$(inherited) @executable_path/Frameworks @loader_path/Frameworks";
				PRODUCT_BUNDLE_IDENTIFIER = "nd.-1LongYiYunShiUITests";
				PRODUCT_NAME = "$(TARGET_NAME)";
				TARGETED_DEVICE_FAMILY = "1,2";
				TEST_TARGET_NAME = 91LongYiYunShi;
			};
			name = Release;
		};
/* End XCBuildConfiguration section */

/* Begin XCConfigurationList section */
		EDCDE0041FB3F89B00F44BA7 /* Build configuration list for PBXProject "91LongYiYunShi" */ = {
			isa = XCConfigurationList;
			buildConfigurations = (
				EDCDE0331FB3F89C00F44BA7 /* Debug */,
				EDCDE0341FB3F89C00F44BA7 /* Release */,
			);
			defaultConfigurationIsVisible = 0;
			defaultConfigurationName = Release;
		};
		EDCDE0351FB3F89C00F44BA7 /* Build configuration list for PBXNativeTarget "91LongYiYunShi" */ = {
			isa = XCConfigurationList;
			buildConfigurations = (
				EDCDE0361FB3F89C00F44BA7 /* Debug */,
				EDCDE0371FB3F89C00F44BA7 /* Release */,
			);
			defaultConfigurationIsVisible = 0;
			defaultConfigurationName = Release;
		};
		EDCDE0381FB3F89C00F44BA7 /* Build configuration list for PBXNativeTarget "91LongYiYunShiTests" */ = {
			isa = XCConfigurationList;
			buildConfigurations = (
				EDCDE0391FB3F89C00F44BA7 /* Debug */,
				EDCDE03A1FB3F89C00F44BA7 /* Release */,
			);
			defaultConfigurationIsVisible = 0;
			defaultConfigurationName = Release;
		};
		EDCDE03B1FB3F89C00F44BA7 /* Build configuration list for PBXNativeTarget "91LongYiYunShiUITests" */ = {
			isa = XCConfigurationList;
			buildConfigurations = (
				EDCDE03C1FB3F89C00F44BA7 /* Debug */,
				EDCDE03D1FB3F89C00F44BA7 /* Release */,
			);
			defaultConfigurationIsVisible = 0;
			defaultConfigurationName = Release;
		};
/* End XCConfigurationList section */
	};
	rootObject = EDCDE0011FB3F89B00F44BA7 /* Project object */;
}
